<?xml version="1.0" encoding="utf-8"?>
<Project ToolsVersion="4.0" xmlns="http://schemas.microsoft.com/developer/msbuild/2003">
  <ItemGroup>
    <Filter Include="소스 파일">
      <UniqueIdentifier>{4FC737F1-C7A5-4376-A066-2A32D752A2FF}</UniqueIdentifier>
      <Extensions>cpp;c;cc;cxx;def;odl;idl;hpj;bat;asm;asmx</Extensions>
    </Filter>
    <Filter Include="헤더 파일">
      <UniqueIdentifier>{93995380-89BD-4b04-88EB-625FBE52EBFB}</UniqueIdentifier>
      <Extensions>h;hh;hpp;hxx;hm;inl;inc;xsd</Extensions>
    </Filter>
    <Filter Include="리소스 파일">
      <UniqueIdentifier>{67DA6AB6-F800-4c08-8B7A-83BB121AAD01}</UniqueIdentifier>
      <Extensions>rc;ico;cur;bmp;dlg;rc2;rct;bin;rgs;gif;jpg;jpeg;jpe;resx;tiff;tif;png;wav;mfcribbon-ms</Extensions>
    </Filter>
    <Filter Include="소스 파일\Manager">
      <UniqueIdentifier>{05747cb1-e021-4f82-8055-5ccc57001b94}</UniqueIdentifier>
    </Filter>
    <Filter Include="소스 파일\Util">
      <UniqueIdentifier>{af52d229-7cbb-473e-9348-c9729a6c0a2e}</UniqueIdentifier>
    </Filter>
    <Filter Include="소스 파일\Manager\Game">
      <UniqueIdentifier>{8c232615-e298-4dd6-89e6-9fdfa6a7177d}</UniqueIdentifier>
    </Filter>
    <Filter Include="소스 파일\Manager\Window">
      <UniqueIdentifier>{0ff02d0b-e156-47eb-b47d-5860ed9780ae}</UniqueIdentifier>
    </Filter>
    <Filter Include="소스 파일\Manager\Input">
      <UniqueIdentifier>{6fa98691-fd11-4971-8de3-65c45b79a510}</UniqueIdentifier>
    </Filter>
    <Filter Include="소스 파일\Manager\Render">
      <UniqueIdentifier>{79f738f2-0960-46bd-be10-215d1edd793c}</UniqueIdentifier>
    </Filter>
    <Filter Include="소스 파일\Manager\Scene">
      <UniqueIdentifier>{96d70df5-477e-4264-8df4-426aec70c0f6}</UniqueIdentifier>
    </Filter>
    <Filter Include="소스 파일\Scene">
      <UniqueIdentifier>{7ff94890-57d3-4115-b863-2700d268933d}</UniqueIdentifier>
    </Filter>
    <Filter Include="소스 파일\Manager\Object">
      <UniqueIdentifier>{11a83a4d-bdcf-4737-b26f-862c0b9fefda}</UniqueIdentifier>
    </Filter>
    <Filter Include="소스 파일\Manager\Object\Skill">
      <UniqueIdentifier>{8ef466cb-1a87-440f-9ac3-ad024b47f95a}</UniqueIdentifier>
    </Filter>
    <Filter Include="소스 파일\Manager\Object\Character">
      <UniqueIdentifier>{084084e3-81f2-4a78-830c-b488769b5fb1}</UniqueIdentifier>
    </Filter>
    <Filter Include="소스 파일\Manager\Sound">
      <UniqueIdentifier>{59743ab9-6ad5-43aa-a2a5-a195c394f62a}</UniqueIdentifier>
    </Filter>
    <Filter Include="소스 파일\Manager\UI">
      <UniqueIdentifier>{05b62d21-ebfd-46eb-9cf6-2c3735b2542b}</UniqueIdentifier>
    </Filter>
  </ItemGroup>
  <ItemGroup>
    <ClCompile Include="Main.cpp">
      <Filter>소스 파일</Filter>
    </ClCompile>
    <ClCompile Include="GameManager.cpp">
      <Filter>소스 파일\Manager\Game</Filter>
    </ClCompile>
    <ClCompile Include="WinManager.cpp">
      <Filter>소스 파일\Manager\Window</Filter>
    </ClCompile>
    <ClCompile Include="RenderManager.cpp">
      <Filter>소스 파일\Manager\Render</Filter>
    </ClCompile>
    <ClCompile Include="GameMain.cpp">
      <Filter>소스 파일\Manager\Game</Filter>
    </ClCompile>
    <ClCompile Include="SceneManager.cpp">
      <Filter>소스 파일\Manager\Scene</Filter>
    </ClCompile>
    <ClCompile Include="ObjectManager.cpp">
      <Filter>소스 파일\Manager\Object</Filter>
    </ClCompile>
    <ClCompile Include="UIManager.cpp">
      <Filter>소스 파일\Manager\UI</Filter>
    </ClCompile>
    <ClCompile Include="SoundManager.cpp">
      <Filter>소스 파일\Manager\Sound</Filter>
    </ClCompile>
  </ItemGroup>
  <ItemGroup>
    <ClInclude Include="Common.h">
      <Filter>소스 파일</Filter>
    </ClInclude>
    <ClInclude Include="Singleton.h">
      <Filter>소스 파일\Util</Filter>
    </ClInclude>
    <ClInclude Include="Math.h">
      <Filter>소스 파일\Util</Filter>
    </ClInclude>
    <ClInclude Include="GameManager.h">
      <Filter>소스 파일\Manager\Game</Filter>
    </ClInclude>
    <ClInclude Include="WinManager.h">
      <Filter>소스 파일\Manager\Window</Filter>
    </ClInclude>
    <ClInclude Include="InputManager.h">
      <Filter>소스 파일\Manager\Input</Filter>
    </ClInclude>
    <ClInclude Include="RenderManager.h">
      <Filter>소스 파일\Manager\Render</Filter>
    </ClInclude>
    <ClInclude Include="GameMain.h">
      <Filter>소스 파일\Manager\Game</Filter>
    </ClInclude>
    <ClInclude Include="AnimationController.h">
      <Filter>소스 파일\Util</Filter>
    </ClInclude>
    <ClInclude Include="SceneManager.h">
      <Filter>소스 파일\Manager\Scene</Filter>
    </ClInclude>
    <ClInclude Include="ObjectManager.h">
      <Filter>소스 파일\Manager\Object</Filter>
    </ClInclude>
    <ClInclude Include="Player.h">
      <Filter>소스 파일\Manager\Object\Character</Filter>
    </ClInclude>
    <ClInclude Include="Monster.h">
      <Filter>소스 파일\Manager\Object\Character</Filter>
    </ClInclude>
    <ClInclude Include="debug.h">
      <Filter>소스 파일\Util</Filter>
    </ClInclude>
    <ClInclude Include="Skill.h">
      <Filter>소스 파일\Manager\Object\Skill</Filter>
    </ClInclude>
    <ClInclude Include="Character.h">
      <Filter>소스 파일\Manager\Object\Character</Filter>
    </ClInclude>
    <ClInclude Include="FieldScene.h">
      <Filter>소스 파일\Scene</Filter>
    </ClInclude>
    <ClInclude Include="UIManager.h">
      <Filter>소스 파일\Manager\UI</Filter>
    </ClInclude>
    <ClInclude Include="SoundManager.h">
      <Filter>소스 파일\Manager\Sound</Filter>
    </ClInclude>
    <ClInclude Include="DungeonScene.h">
      <Filter>소스 파일\Scene</Filter>
    </ClInclude>
    <ClInclude Include="TestScene.h">
      <Filter>소스 파일\Scene</Filter>
    </ClInclude>
  </ItemGroup>
</Project>